{
  "name": "app-test",
  "version": "0.0.1",
  "lockfileVersion": 1,
  "requires": true,
  "dependencies": {
    "lib-test": {
      "version": "git+ssh://git@github.com/ximpledev/lib-test.git#1a160c1507df527ba13d801321916055056ec770",
      "from": "git+ssh://git@github.com/ximpledev/lib-test.git"
    }
  }
}
